
Microsoft Visual Studio Solution File, Format Version 12.00
# Visual Studio Version 17
VisualStudioVersion = 17.3.32819.101
MinimumVisualStudioVersion = 10.0.40219.1
Project("{FAE04EC0-301F-11D3-BF4B-00C04F79EFBC}") = "LetsWalkInTheWoods.App", "LetsWalkInTheWoods.App\LetsWalkInTheWoods.App.csproj", "{652E704D-F65F-4CE2-89B9-8D5A04589DDF}"
EndProject
Project("{FAE04EC0-301F-11D3-BF4B-00C04F79EFBC}") = "LetsWalkInTheWoods.Class", "LetsWalkInTheWoods.Class\LetsWalkInTheWoods.Class.csproj", "{47B34FF6-89FF-4F75-8FFC-E2BB1FA24698}"
EndProject
Global
	GlobalSection(SolutionConfigurationPlatforms) = preSolution
		Debug|Any CPU = Debug|Any CPU
		Release|Any CPU = Release|Any CPU
	EndGlobalSection
	GlobalSection(ProjectConfigurationPlatforms) = postSolution
		{652E704D-F65F-4CE2-89B9-8D5A04589DDF}.Debug|Any CPU.ActiveCfg = Debug|Any CPU
		{652E704D-F65F-4CE2-89B9-8D5A04589DDF}.Debug|Any CPU.Build.0 = Debug|Any CPU
		{652E704D-F65F-4CE2-89B9-8D5A04589DDF}.Release|Any CPU.ActiveCfg = Release|Any CPU
		{652E704D-F65F-4CE2-89B9-8D5A04589DDF}.Release|Any CPU.Build.0 = Release|Any CPU
		{47B34FF6-89FF-4F75-8FFC-E2BB1FA24698}.Debug|Any CPU.ActiveCfg = Debug|Any CPU
		{47B34FF6-89FF-4F75-8FFC-E2BB1FA24698}.Debug|Any CPU.Build.0 = Debug|Any CPU
		{47B34FF6-89FF-4F75-8FFC-E2BB1FA24698}.Release|Any CPU.ActiveCfg = Release|Any CPU
		{47B34FF6-89FF-4F75-8FFC-E2BB1FA24698}.Release|Any CPU.Build.0 = Release|Any CPU
	EndGlobalSection
	GlobalSection(SolutionProperties) = preSolution
		HideSolutionNode = FALSE
	EndGlobalSection
	GlobalSection(ExtensibilityGlobals) = postSolution
		SolutionGuid = {5257D28C-E71D-435A-BDE0-680217CD6873}
	EndGlobalSection
EndGlobal
